
Microsoft Visual Studio Solution File, Format Version 12.00
# Visual Studio Version 17
VisualStudioVersion = 17.0.31903.59
MinimumVisualStudioVersion = 10.0.40219.1
Project("{9A19103F-16F7-4668-BE54-9A1E7A4F7556}") = "ChemSharp", "ChemSharp\ChemSharp.csproj", "{FD857D77-6FA8-40FA-AA1E-5CF510D8D649}"
EndProject
Project("{9A19103F-16F7-4668-BE54-9A1E7A4F7556}") = "ChemSharp.Tests", "ChemSharp.Tests\ChemSharp.Tests.csproj", "{BBB1E274-87ED-47C9-809E-345D50EBFD50}"
EndProject
Project("{2150E333-8FDC-42A3-9474-1A3956D46DE8}") = "Solution Items", "Solution Items", "{9F549A9E-53BD-4B97-AEF7-F39853FEA31B}"
	ProjectSection(SolutionItems) = preProject
		Directory.Build.props = Directory.Build.props
		icon.png = icon.png
		README.md = README.md
	EndProjectSection
EndProject
Project("{9A19103F-16F7-4668-BE54-9A1E7A4F7556}") = "ChemSharp.Spectroscopy", "ChemSharp.Spectroscopy\ChemSharp.Spectroscopy.csproj", "{CD7FBCF2-784F-4950-9A01-3B454BA87D9C}"
EndProject
Project("{9A19103F-16F7-4668-BE54-9A1E7A4F7556}") = "ChemSharp.Molecules", "ChemSharp.Molecules\ChemSharp.Molecules.csproj", "{D4254BB1-C50C-409D-8F00-8D30ABA3B560}"
EndProject
Project("{9A19103F-16F7-4668-BE54-9A1E7A4F7556}") = "ChemSharp.UnitConversion", "ChemSharp.UnitConversion\ChemSharp.UnitConversion.csproj", "{7048A489-2F7C-4F06-96A0-09E3B102C1FF}"
EndProject
Project("{9A19103F-16F7-4668-BE54-9A1E7A4F7556}") = "ChemSharp.Generator", "Generators\ChemSharp.Generator\ChemSharp.Generator.csproj", "{C731EEA3-40A6-4694-8247-16F46ED0F2FD}"
EndProject
Project("{2150E333-8FDC-42A3-9474-1A3956D46DE8}") = "Generators", "Generators", "{CA4A529D-2EE9-4196-B069-328706EDE088}"
EndProject
Project("{9A19103F-16F7-4668-BE54-9A1E7A4F7556}") = "ChemSharp.Molecules.Blazor", "ChemSharp.Molecules.Blazor\ChemSharp.Molecules.Blazor.csproj", "{51EEF23F-218A-454E-A595-C0EF4328A54C}"
EndProject
Project("{FAE04EC0-301F-11D3-BF4B-00C04F79EFBC}") = "ChemSharp.Molecules.HelixToolkit", "ChemSharp.Molecules.HelixToolkit\ChemSharp.Molecules.HelixToolkit.csproj", "{F6A7EDE1-E27C-4440-9A48-0E048F919198}"
EndProject
Global
	GlobalSection(SolutionConfigurationPlatforms) = preSolution
		Debug|Any CPU = Debug|Any CPU
		Release|Any CPU = Release|Any CPU
	EndGlobalSection
	GlobalSection(ProjectConfigurationPlatforms) = postSolution
		{FD857D77-6FA8-40FA-AA1E-5CF510D8D649}.Debug|Any CPU.ActiveCfg = Debug|Any CPU
		{FD857D77-6FA8-40FA-AA1E-5CF510D8D649}.Debug|Any CPU.Build.0 = Debug|Any CPU
		{FD857D77-6FA8-40FA-AA1E-5CF510D8D649}.Release|Any CPU.ActiveCfg = Release|Any CPU
		{FD857D77-6FA8-40FA-AA1E-5CF510D8D649}.Release|Any CPU.Build.0 = Release|Any CPU
		{BBB1E274-87ED-47C9-809E-345D50EBFD50}.Debug|Any CPU.ActiveCfg = Debug|Any CPU
		{BBB1E274-87ED-47C9-809E-345D50EBFD50}.Debug|Any CPU.Build.0 = Debug|Any CPU
		{BBB1E274-87ED-47C9-809E-345D50EBFD50}.Release|Any CPU.ActiveCfg = Release|Any CPU
		{BBB1E274-87ED-47C9-809E-345D50EBFD50}.Release|Any CPU.Build.0 = Release|Any CPU
		{CD7FBCF2-784F-4950-9A01-3B454BA87D9C}.Debug|Any CPU.ActiveCfg = Debug|Any CPU
		{CD7FBCF2-784F-4950-9A01-3B454BA87D9C}.Debug|Any CPU.Build.0 = Debug|Any CPU
		{CD7FBCF2-784F-4950-9A01-3B454BA87D9C}.Release|Any CPU.ActiveCfg = Release|Any CPU
		{CD7FBCF2-784F-4950-9A01-3B454BA87D9C}.Release|Any CPU.Build.0 = Release|Any CPU
		{D4254BB1-C50C-409D-8F00-8D30ABA3B560}.Debug|Any CPU.ActiveCfg = Debug|Any CPU
		{D4254BB1-C50C-409D-8F00-8D30ABA3B560}.Debug|Any CPU.Build.0 = Debug|Any CPU
		{D4254BB1-C50C-409D-8F00-8D30ABA3B560}.Release|Any CPU.ActiveCfg = Release|Any CPU
		{D4254BB1-C50C-409D-8F00-8D30ABA3B560}.Release|Any CPU.Build.0 = Release|Any CPU
		{7048A489-2F7C-4F06-96A0-09E3B102C1FF}.Debug|Any CPU.ActiveCfg = Debug|Any CPU
		{7048A489-2F7C-4F06-96A0-09E3B102C1FF}.Debug|Any CPU.Build.0 = Debug|Any CPU
		{7048A489-2F7C-4F06-96A0-09E3B102C1FF}.Release|Any CPU.ActiveCfg = Release|Any CPU
		{7048A489-2F7C-4F06-96A0-09E3B102C1FF}.Release|Any CPU.Build.0 = Release|Any CPU
		{C731EEA3-40A6-4694-8247-16F46ED0F2FD}.Debug|Any CPU.ActiveCfg = Debug|Any CPU
		{C731EEA3-40A6-4694-8247-16F46ED0F2FD}.Debug|Any CPU.Build.0 = Debug|Any CPU
		{C731EEA3-40A6-4694-8247-16F46ED0F2FD}.Release|Any CPU.ActiveCfg = Release|Any CPU
		{C731EEA3-40A6-4694-8247-16F46ED0F2FD}.Release|Any CPU.Build.0 = Release|Any CPU
		{51EEF23F-218A-454E-A595-C0EF4328A54C}.Debug|Any CPU.ActiveCfg = Debug|Any CPU
		{51EEF23F-218A-454E-A595-C0EF4328A54C}.Debug|Any CPU.Build.0 = Debug|Any CPU
		{51EEF23F-218A-454E-A595-C0EF4328A54C}.Release|Any CPU.ActiveCfg = Release|Any CPU
		{51EEF23F-218A-454E-A595-C0EF4328A54C}.Release|Any CPU.Build.0 = Release|Any CPU
		{F6A7EDE1-E27C-4440-9A48-0E048F919198}.Debug|Any CPU.ActiveCfg = Debug|Any CPU
		{F6A7EDE1-E27C-4440-9A48-0E048F919198}.Debug|Any CPU.Build.0 = Debug|Any CPU
		{F6A7EDE1-E27C-4440-9A48-0E048F919198}.Release|Any CPU.ActiveCfg = Release|Any CPU
		{F6A7EDE1-E27C-4440-9A48-0E048F919198}.Release|Any CPU.Build.0 = Release|Any CPU
	EndGlobalSection
	GlobalSection(SolutionProperties) = preSolution
		HideSolutionNode = FALSE
	EndGlobalSection
	GlobalSection(NestedProjects) = preSolution
		{C731EEA3-40A6-4694-8247-16F46ED0F2FD} = {CA4A529D-2EE9-4196-B069-328706EDE088}
	EndGlobalSection
	GlobalSection(ExtensibilityGlobals) = postSolution
		SolutionGuid = {3C226C1E-BECB-41C3-BB05-E624764E4793}
	EndGlobalSection
EndGlobal
